// !$*UTF8*$!
{
	archiveVersion = 1;
	classes = {
	};
	objectVersion = 46;
	objects = {

/* Begin PBXBuildFile section */
		1A5F4A57CACABBEB70687C0B /* Pods_ChatApp.framework in Frameworks */ = {isa = PBXBuildFile; fileRef = 42A32BEC9BEB2FFCD7B0C571 /* Pods_ChatApp.framework */; };
		47252E401F15681600DB3EA4 /* TextModel.swift in Sources */ = {isa = PBXBuildFile; fileRef = 47252E3F1F15681600DB3EA4 /* TextModel.swift */; };
		47252E421F156A4600DB3EA4 /* DataSource.swift in Sources */ = {isa = PBXBuildFile; fileRef = 47252E411F156A4600DB3EA4 /* DataSource.swift */; };
		47252E441F156AA500DB3EA4 /* ChatItemsController.swift in Sources */ = {isa = PBXBuildFile; fileRef = 47252E431F156AA500DB3EA4 /* ChatItemsController.swift */; };
		47252E461F156F0C00DB3EA4 /* Decorator.swift in Sources */ = {isa = PBXBuildFile; fileRef = 47252E451F156F0C00DB3EA4 /* Decorator.swift */; };
		47252E481F15730700DB3EA4 /* TextBuilder.swift in Sources */ = {isa = PBXBuildFile; fileRef = 47252E471F15730700DB3EA4 /* TextBuilder.swift */; };
		47252E4A1F15755600DB3EA4 /* TextHandler.swift in Sources */ = {isa = PBXBuildFile; fileRef = 47252E491F15755600DB3EA4 /* TextHandler.swift */; };
		472E34111F15570600D4CB34 /* AppDelegate.swift in Sources */ = {isa = PBXBuildFile; fileRef = 472E34101F15570600D4CB34 /* AppDelegate.swift */; };
		472E34131F15570600D4CB34 /* ChatLogViewController.swift in Sources */ = {isa = PBXBuildFile; fileRef = 472E34121F15570600D4CB34 /* ChatLogViewController.swift */; };
		472E34161F15570600D4CB34 /* Main.storyboard in Resources */ = {isa = PBXBuildFile; fileRef = 472E34141F15570600D4CB34 /* Main.storyboard */; };
		472E34181F15570600D4CB34 /* Assets.xcassets in Resources */ = {isa = PBXBuildFile; fileRef = 472E34171F15570600D4CB34 /* Assets.xcassets */; };
		472E341B1F15570600D4CB34 /* LaunchScreen.storyboard in Resources */ = {isa = PBXBuildFile; fileRef = 472E34191F15570600D4CB34 /* LaunchScreen.storyboard */; };
		47947FEF1F16C38700B8F268 /* PhotoModel.swift in Sources */ = {isa = PBXBuildFile; fileRef = 47947FEE1F16C38700B8F268 /* PhotoModel.swift */; };
/* End PBXBuildFile section */

/* Begin PBXFileReference section */
		3121F900EECD8E12DFC741A2 /* Pods-ChatApp.debug.xcconfig */ = {isa = PBXFileReference; includeInIndex = 1; lastKnownFileType = text.xcconfig; name = "Pods-ChatApp.debug.xcconfig"; path = "Pods/Target Support Files/Pods-ChatApp/Pods-ChatApp.debug.xcconfig"; sourceTree = "<group>"; };
		42A32BEC9BEB2FFCD7B0C571 /* Pods_ChatApp.framework */ = {isa = PBXFileReference; explicitFileType = wrapper.framework; includeInIndex = 0; path = Pods_ChatApp.framework; sourceTree = BUILT_PRODUCTS_DIR; };
		47252E3F1F15681600DB3EA4 /* TextModel.swift */ = {isa = PBXFileReference; fileEncoding = 4; lastKnownFileType = sourcecode.swift; path = TextModel.swift; sourceTree = "<group>"; };
		47252E411F156A4600DB3EA4 /* DataSource.swift */ = {isa = PBXFileReference; fileEncoding = 4; lastKnownFileType = sourcecode.swift; path = DataSource.swift; sourceTree = "<group>"; };
		47252E431F156AA500DB3EA4 /* ChatItemsController.swift */ = {isa = PBXFileReference; fileEncoding = 4; lastKnownFileType = sourcecode.swift; path = ChatItemsController.swift; sourceTree = "<group>"; };
		47252E451F156F0C00DB3EA4 /* Decorator.swift */ = {isa = PBXFileReference; fileEncoding = 4; lastKnownFileType = sourcecode.swift; path = Decorator.swift; sourceTree = "<group>"; };
		47252E471F15730700DB3EA4 /* TextBuilder.swift */ = {isa = PBXFileReference; fileEncoding = 4; lastKnownFileType = sourcecode.swift; path = TextBuilder.swift; sourceTree = "<group>"; };
		47252E491F15755600DB3EA4 /* TextHandler.swift */ = {isa = PBXFileReference; fileEncoding = 4; lastKnownFileType = sourcecode.swift; path = TextHandler.swift; sourceTree = "<group>"; };
		472E340D1F15570600D4CB34 /* ChatApp.app */ = {isa = PBXFileReference; explicitFileType = wrapper.application; includeInIndex = 0; path = ChatApp.app; sourceTree = BUILT_PRODUCTS_DIR; };
		472E34101F15570600D4CB34 /* AppDelegate.swift */ = {isa = PBXFileReference; lastKnownFileType = sourcecode.swift; path = AppDelegate.swift; sourceTree = "<group>"; };
		472E34121F15570600D4CB34 /* ChatLogViewController.swift */ = {isa = PBXFileReference; lastKnownFileType = sourcecode.swift; path = ChatLogViewController.swift; sourceTree = "<group>"; };
		472E34151F15570600D4CB34 /* Base */ = {isa = PBXFileReference; lastKnownFileType = file.storyboard; name = Base; path = Base.lproj/Main.storyboard; sourceTree = "<group>"; };
		472E34171F15570600D4CB34 /* Assets.xcassets */ = {isa = PBXFileReference; lastKnownFileType = folder.assetcatalog; path = Assets.xcassets; sourceTree = "<group>"; };
		472E341A1F15570600D4CB34 /* Base */ = {isa = PBXFileReference; lastKnownFileType = file.storyboard; name = Base; path = Base.lproj/LaunchScreen.storyboard; sourceTree = "<group>"; };
		472E341C1F15570600D4CB34 /* Info.plist */ = {isa = PBXFileReference; lastKnownFileType = text.plist.xml; path = Info.plist; sourceTree = "<group>"; };
		47947FEE1F16C38700B8F268 /* PhotoModel.swift */ = {isa = PBXFileReference; fileEncoding = 4; lastKnownFileType = sourcecode.swift; path = PhotoModel.swift; sourceTree = "<group>"; };
		8DCA2CCDE454577DCA4789A9 /* Pods-ChatApp.release.xcconfig */ = {isa = PBXFileReference; includeInIndex = 1; lastKnownFileType = text.xcconfig; name = "Pods-ChatApp.release.xcconfig"; path = "Pods/Target Support Files/Pods-ChatApp/Pods-ChatApp.release.xcconfig"; sourceTree = "<group>"; };
/* End PBXFileReference section */

/* Begin PBXFrameworksBuildPhase section */
		472E340A1F15570600D4CB34 /* Frameworks */ = {
			isa = PBXFrameworksBuildPhase;
			buildActionMask = 2147483647;
			files = (
				1A5F4A57CACABBEB70687C0B /* Pods_ChatApp.framework in Frameworks */,
			);
			runOnlyForDeploymentPostprocessing = 0;
		};
/* End PBXFrameworksBuildPhase section */

/* Begin PBXGroup section */
		3232F7983B637DEE601B7C88 /* Frameworks */ = {
			isa = PBXGroup;
			children = (
				42A32BEC9BEB2FFCD7B0C571 /* Pods_ChatApp.framework */,
			);
			name = Frameworks;
			sourceTree = "<group>";
		};
		47252E3E1F1567F600DB3EA4 /* TestMessage */ = {
			isa = PBXGroup;
			children = (
				47252E3F1F15681600DB3EA4 /* TextModel.swift */,
				47252E471F15730700DB3EA4 /* TextBuilder.swift */,
				47252E491F15755600DB3EA4 /* TextHandler.swift */,
			);
			name = TestMessage;
			sourceTree = "<group>";
		};
		472E34041F15570600D4CB34 = {
			isa = PBXGroup;
			children = (
				472E340F1F15570600D4CB34 /* ChatApp */,
				472E340E1F15570600D4CB34 /* Products */,
				D98CFED05CFA6B8CE3852135 /* Pods */,
				3232F7983B637DEE601B7C88 /* Frameworks */,
			);
			sourceTree = "<group>";
		};
		472E340E1F15570600D4CB34 /* Products */ = {
			isa = PBXGroup;
			children = (
				472E340D1F15570600D4CB34 /* ChatApp.app */,
			);
			name = Products;
			sourceTree = "<group>";
		};
		472E340F1F15570600D4CB34 /* ChatApp */ = {
			isa = PBXGroup;
			children = (
				47947FED1F16C36500B8F268 /* PhotoMessage */,
				472E34101F15570600D4CB34 /* AppDelegate.swift */,
				472E34121F15570600D4CB34 /* ChatLogViewController.swift */,
				47252E3E1F1567F600DB3EA4 /* TestMessage */,
				472E34141F15570600D4CB34 /* Main.storyboard */,
				472E34171F15570600D4CB34 /* Assets.xcassets */,
				472E34191F15570600D4CB34 /* LaunchScreen.storyboard */,
				472E341C1F15570600D4CB34 /* Info.plist */,
				47252E411F156A4600DB3EA4 /* DataSource.swift */,
				47252E431F156AA500DB3EA4 /* ChatItemsController.swift */,
				47252E451F156F0C00DB3EA4 /* Decorator.swift */,
			);
			path = ChatApp;
			sourceTree = "<group>";
		};
		47947FED1F16C36500B8F268 /* PhotoMessage */ = {
			isa = PBXGroup;
			children = (
				47947FEE1F16C38700B8F268 /* PhotoModel.swift */,
			);
			name = PhotoMessage;
			sourceTree = "<group>";
		};
		D98CFED05CFA6B8CE3852135 /* Pods */ = {
			isa = PBXGroup;
			children = (
				3121F900EECD8E12DFC741A2 /* Pods-ChatApp.debug.xcconfig */,
				8DCA2CCDE454577DCA4789A9 /* Pods-ChatApp.release.xcconfig */,
			);
			name = Pods;
			sourceTree = "<group>";
		};
/* End PBXGroup section */

/* Begin PBXNativeTarget section */
		472E340C1F15570600D4CB34 /* ChatApp */ = {
			isa = PBXNativeTarget;
			buildConfigurationList = 472E341F1F15570600D4CB34 /* Build configuration list for PBXNativeTarget "ChatApp" */;
			buildPhases = (
				5012EE030405D8C5617CD166 /* [CP] Check Pods Manifest.lock */,
				472E34091F15570600D4CB34 /* Sources */,
				472E340A1F15570600D4CB34 /* Frameworks */,
				472E340B1F15570600D4CB34 /* Resources */,
				8828A4F0C08EB19A424CBFE3 /* [CP] Embed Pods Frameworks */,
				6B1B933870D09483BBE166FC /* [CP] Copy Pods Resources */,
			);
			buildRules = (
			);
			dependencies = (
			);
			name = ChatApp;
			productName = ChatApp;
			productReference = 472E340D1F15570600D4CB34 /* ChatApp.app */;
			productType = "com.apple.product-type.application";
		};
/* End PBXNativeTarget section */

/* Begin PBXProject section */
		472E34051F15570600D4CB34 /* Project object */ = {
			isa = PBXProject;
			attributes = {
				LastSwiftUpdateCheck = 0820;
				LastUpgradeCheck = 0820;
				ORGANIZATIONNAME = Echitey;
				TargetAttributes = {
					472E340C1F15570600D4CB34 = {
						CreatedOnToolsVersion = 8.2.1;
						ProvisioningStyle = Automatic;
					};
				};
			};
			buildConfigurationList = 472E34081F15570600D4CB34 /* Build configuration list for PBXProject "ChatApp" */;
			compatibilityVersion = "Xcode 3.2";
			developmentRegion = English;
			hasScannedForEncodings = 0;
			knownRegions = (
				en,
				Base,
			);
			mainGroup = 472E34041F15570600D4CB34;
			productRefGroup = 472E340E1F15570600D4CB34 /* Products */;
			projectDirPath = "";
			projectRoot = "";
			targets = (
				472E340C1F15570600D4CB34 /* ChatApp */,
			);
		};
/* End PBXProject section */

/* Begin PBXResourcesBuildPhase section */
		472E340B1F15570600D4CB34 /* Resources */ = {
			isa = PBXResourcesBuildPhase;
			buildActionMask = 2147483647;
			files = (
				472E341B1F15570600D4CB34 /* LaunchScreen.storyboard in Resources */,
				472E34181F15570600D4CB34 /* Assets.xcassets in Resources */,
				472E34161F15570600D4CB34 /* Main.storyboard in Resources */,
			);
			runOnlyForDeploymentPostprocessing = 0;
		};
/* End PBXResourcesBuildPhase section */

/* Begin PBXShellScriptBuildPhase section */
		5012EE030405D8C5617CD166 /* [CP] Check Pods Manifest.lock */ = {
			isa = PBXShellScriptBuildPhase;
			buildActionMask = 2147483647;
			files = (
			);
			inputPaths = (
			);
			name = "[CP] Check Pods Manifest.lock";
			outputPaths = (
			);
			runOnlyForDeploymentPostprocessing = 0;
			shellPath = /bin/sh;
			shellScript = "diff \"${PODS_PODFILE_DIR_PATH}/Podfile.lock\" \"${PODS_ROOT}/Manifest.lock\" > /dev/null\nif [ $? != 0 ] ; then\n    # print error to STDERR\n    echo \"error: The sandbox is not in sync with the Podfile.lock. Run 'pod install' or update your CocoaPods installation.\" >&2\n    exit 1\nfi\n";
			showEnvVarsInLog = 0;
		};
		6B1B933870D09483BBE166FC /* [CP] Copy Pods Resources */ = {
			isa = PBXShellScriptBuildPhase;
			buildActionMask = 2147483647;
			files = (
			);
			inputPaths = (
			);
			name = "[CP] Copy Pods Resources";
			outputPaths = (
			);
			runOnlyForDeploymentPostprocessing = 0;
			shellPath = /bin/sh;
			shellScript = "\"${SRCROOT}/Pods/Target Support Files/Pods-ChatApp/Pods-ChatApp-resources.sh\"\n";
			showEnvVarsInLog = 0;
		};
		8828A4F0C08EB19A424CBFE3 /* [CP] Embed Pods Frameworks */ = {
			isa = PBXShellScriptBuildPhase;
			buildActionMask = 2147483647;
			files = (
			);
			inputPaths = (
			);
			name = "[CP] Embed Pods Frameworks";
			outputPaths = (
			);
			runOnlyForDeploymentPostprocessing = 0;
			shellPath = /bin/sh;
			shellScript = "\"${SRCROOT}/Pods/Target Support Files/Pods-ChatApp/Pods-ChatApp-frameworks.sh\"\n";
			showEnvVarsInLog = 0;
		};
/* End PBXShellScriptBuildPhase section */

/* Begin PBXSourcesBuildPhase section */
		472E34091F15570600D4CB34 /* Sources */ = {
			isa = PBXSourcesBuildPhase;
			buildActionMask = 2147483647;
			files = (
				47947FEF1F16C38700B8F268 /* PhotoModel.swift in Sources */,
				47252E481F15730700DB3EA4 /* TextBuilder.swift in Sources */,
				47252E441F156AA500DB3EA4 /* ChatItemsController.swift in Sources */,
				47252E401F15681600DB3EA4 /* TextModel.swift in Sources */,
				472E34131F15570600D4CB34 /* ChatLogViewController.swift in Sources */,
				47252E421F156A4600DB3EA4 /* DataSource.swift in Sources */,
				472E34111F15570600D4CB34 /* AppDelegate.swift in Sources */,
				47252E461F156F0C00DB3EA4 /* Decorator.swift in Sources */,
				47252E4A1F15755600DB3EA4 /* TextHandler.swift in Sources */,
			);
			runOnlyForDeploymentPostprocessing = 0;
		};
/* End PBXSourcesBuildPhase section */

/* Begin PBXVariantGroup section */
		472E34141F15570600D4CB34 /* Main.storyboard */ = {
			isa = PBXVariantGroup;
			children = (
				472E34151F15570600D4CB34 /* Base */,
			);
			name = Main.storyboard;
			sourceTree = "<group>";
		};
		472E34191F15570600D4CB34 /* LaunchScreen.storyboard */ = {
			isa = PBXVariantGroup;
			children = (
				472E341A1F15570600D4CB34 /* Base */,
			);
			name = LaunchScreen.storyboard;
			sourceTree = "<group>";
		};
/* End PBXVariantGroup section */

/* Begin XCBuildConfiguration section */
		472E341D1F15570600D4CB34 /* Debug */ = {
			isa = XCBuildConfiguration;
			buildSettings = {
				ALWAYS_SEARCH_USER_PATHS = NO;
				CLANG_ANALYZER_NONNULL = YES;
				CLANG_CXX_LANGUAGE_STANDARD = "gnu++0x";
				CLANG_CXX_LIBRARY = "libc++";
				CLANG_ENABLE_MODULES = YES;
				CLANG_ENABLE_OBJC_ARC = YES;
				CLANG_WARN_BOOL_CONVERSION = YES;
				CLANG_WARN_CONSTANT_CONVERSION = YES;
				CLANG_WARN_DIRECT_OBJC_ISA_USAGE = YES_ERROR;
				CLANG_WARN_DOCUMENTATION_COMMENTS = YES;
				CLANG_WARN_EMPTY_BODY = YES;
				CLANG_WARN_ENUM_CONVERSION = YES;
				CLANG_WARN_INFINITE_RECURSION = YES;
				CLANG_WARN_INT_CONVERSION = YES;
				CLANG_WARN_OBJC_ROOT_CLASS = YES_ERROR;
				CLANG_WARN_SUSPICIOUS_MOVE = YES;
				CLANG_WARN_UNREACHABLE_CODE = YES;
				CLANG_WARN__DUPLICATE_METHOD_MATCH = YES;
				"CODE_SIGN_IDENTITY[sdk=iphoneos*]" = "iPhone Developer";
				COPY_PHASE_STRIP = NO;
				DEBUG_INFORMATION_FORMAT = dwarf;
				ENABLE_STRICT_OBJC_MSGSEND = YES;
				ENABLE_TESTABILITY = YES;
				GCC_C_LANGUAGE_STANDARD = gnu99;
				GCC_DYNAMIC_NO_PIC = NO;
				GCC_NO_COMMON_BLOCKS = YES;
				GCC_OPTIMIZATION_LEVEL = 0;
				GCC_PREPROCESSOR_DEFINITIONS = (
					"DEBUG=1",
					"$(inherited)",
				);
				GCC_WARN_64_TO_32_BIT_CONVERSION = YES;
				GCC_WARN_ABOUT_RETURN_TYPE = YES_ERROR;
				GCC_WARN_UNDECLARED_SELECTOR = YES;
				GCC_WARN_UNINITIALIZED_AUTOS = YES_AGGRESSIVE;
				GCC_WARN_UNUSED_FUNCTION = YES;
				GCC_WARN_UNUSED_VARIABLE = YES;
				IPHONEOS_DEPLOYMENT_TARGET = 10.2;
				MTL_ENABLE_DEBUG_INFO = YES;
				ONLY_ACTIVE_ARCH = YES;
				SDKROOT = iphoneos;
				SWIFT_ACTIVE_COMPILATION_CONDITIONS = DEBUG;
				SWIFT_OPTIMIZATION_LEVEL = "-Onone";
				TARGETED_DEVICE_FAMILY = "1,2";
			};
			name = Debug;
		};
		472E341E1F15570600D4CB34 /* Release */ = {
			isa = XCBuildConfiguration;
			buildSettings = {
				ALWAYS_SEARCH_USER_PATHS = NO;
				CLANG_ANALYZER_NONNULL = YES;
				CLANG_CXX_LANGUAGE_STANDARD = "gnu++0x";
				CLANG_CXX_LIBRARY = "libc++";
				CLANG_ENABLE_MODULES = YES;
				CLANG_ENABLE_OBJC_ARC = YES;
				CLANG_WARN_BOOL_CONVERSION = YES;
				CLANG_WARN_CONSTANT_CONVERSION = YES;
				CLANG_WARN_DIRECT_OBJC_ISA_USAGE = YES_ERROR;
				CLANG_WARN_DOCUMENTATION_COMMENTS = YES;
				CLANG_WARN_EMPTY_BODY = YES;
				CLANG_WARN_ENUM_CONVERSION = YES;
				CLANG_WARN_INFINITE_RECURSION = YES;
				CLANG_WARN_INT_CONVERSION = YES;
				CLANG_WARN_OBJC_ROOT_CLASS = YES_ERROR;
				CLANG_WARN_SUSPICIOUS_MOVE = YES;
				CLANG_WARN_UNREACHABLE_CODE = YES;
				CLANG_WARN__DUPLICATE_METHOD_MATCH = YES;
				"CODE_SIGN_IDENTITY[sdk=iphoneos*]" = "iPhone Developer";
				COPY_PHASE_STRIP = NO;
				DEBUG_INFORMATION_FORMAT = "dwarf-with-dsym";
				ENABLE_NS_ASSERTIONS = NO;
				ENABLE_STRICT_OBJC_MSGSEND = YES;
				GCC_C_LANGUAGE_STANDARD = gnu99;
				GCC_NO_COMMON_BLOCKS = YES;
				GCC_WARN_64_TO_32_BIT_CONVERSION = YES;
				GCC_WARN_ABOUT_RETURN_TYPE = YES_ERROR;
				GCC_WARN_UNDECLARED_SELECTOR = YES;
				GCC_WARN_UNINITIALIZED_AUTOS = YES_AGGRESSIVE;
				GCC_WARN_UNUSED_FUNCTION = YES;
				GCC_WARN_UNUSED_VARIABLE = YES;
				IPHONEOS_DEPLOYMENT_TARGET = 10.2;
				MTL_ENABLE_DEBUG_INFO = NO;
				SDKROOT = iphoneos;
				SWIFT_OPTIMIZATION_LEVEL = "-Owholemodule";
				TARGETED_DEVICE_FAMILY = "1,2";
				VALIDATE_PRODUCT = YES;
			};
			name = Release;
		};
		472E34201F15570600D4CB34 /* Debug */ = {
			isa = XCBuildConfiguration;
			baseConfigurationReference = 3121F900EECD8E12DFC741A2 /* Pods-ChatApp.debug.xcconfig */;
			buildSettings = {
				ASSETCATALOG_COMPILER_APPICON_NAME = AppIcon;
				INFOPLIST_FILE = ChatApp/Info.plist;
				LD_RUNPATH_SEARCH_PATHS = "$(inherited) @executable_path/Frameworks";
				PRODUCT_BUNDLE_IDENTIFIER = echitey.com.ChatApp;
				PRODUCT_NAME = "$(TARGET_NAME)";
				SWIFT_VERSION = 3.0;
			};
			name = Debug;
		};
		472E34211F15570600D4CB34 /* Release */ = {
			isa = XCBuildConfiguration;
			baseConfigurationReference = 8DCA2CCDE454577DCA4789A9 /* Pods-ChatApp.release.xcconfig */;
			buildSettings = {
				ASSETCATALOG_COMPILER_APPICON_NAME = AppIcon;
				INFOPLIST_FILE = ChatApp/Info.plist;
				LD_RUNPATH_SEARCH_PATHS = "$(inherited) @executable_path/Frameworks";
				PRODUCT_BUNDLE_IDENTIFIER = echitey.com.ChatApp;
				PRODUCT_NAME = "$(TARGET_NAME)";
				SWIFT_VERSION = 3.0;
			};
			name = Release;
		};
/* End XCBuildConfiguration section */

/* Begin XCConfigurationList section */
		472E34081F15570600D4CB34 /* Build configuration list for PBXProject "ChatApp" */ = {
			isa = XCConfigurationList;
			buildConfigurations = (
				472E341D1F15570600D4CB34 /* Debug */,
				472E341E1F15570600D4CB34 /* Release */,
			);
			defaultConfigurationIsVisible = 0;
			defaultConfigurationName = Release;
		};
		472E341F1F15570600D4CB34 /* Build configuration list for PBXNativeTarget "ChatApp" */ = {
			isa = XCConfigurationList;
			buildConfigurations = (
				472E34201F15570600D4CB34 /* Debug */,
				472E34211F15570600D4CB34 /* Release */,
			);
			defaultConfigurationIsVisible = 0;
			defaultConfigurationName = Release;
		};
/* End XCConfigurationList section */
	};
	rootObject = 472E34051F15570600D4CB34 /* Project object */;
}
